// !$*UTF8*$!
{
	archiveVersion = 1;
	classes = {
	};
	objectVersion = 46;
	objects = {

/* Begin PBXBuildFile section */
		869200971DD92DE300011090 /* AppDelegate.swift in Sources */ = {isa = PBXBuildFile; fileRef = 869200961DD92DE300011090 /* AppDelegate.swift */; };
		869200991DD92DE300011090 /* MainVC.swift in Sources */ = {isa = PBXBuildFile; fileRef = 869200981DD92DE300011090 /* MainVC.swift */; };
		8692009C1DD92DE300011090 /* Main.storyboard in Resources */ = {isa = PBXBuildFile; fileRef = 8692009A1DD92DE300011090 /* Main.storyboard */; };
		8692009E1DD92DE300011090 /* Assets.xcassets in Resources */ = {isa = PBXBuildFile; fileRef = 8692009D1DD92DE300011090 /* Assets.xcassets */; };
		869200A11DD92DE300011090 /* LaunchScreen.storyboard in Resources */ = {isa = PBXBuildFile; fileRef = 8692009F1DD92DE300011090 /* LaunchScreen.storyboard */; };
		869200AC1DD92DE300011090 /* PartyRockAppTests.swift in Sources */ = {isa = PBXBuildFile; fileRef = 869200AB1DD92DE300011090 /* PartyRockAppTests.swift */; };
		869200B71DD92DE300011090 /* PartyRockAppUITests.swift in Sources */ = {isa = PBXBuildFile; fileRef = 869200B61DD92DE300011090 /* PartyRockAppUITests.swift */; };
		86CE72D81DDA60B2006B35B1 /* still time.ttf in Resources */ = {isa = PBXBuildFile; fileRef = 86CE72D71DDA60B2006B35B1 /* still time.ttf */; };
		86CE72DD1DDA61FA006B35B1 /* VideoVC.swift in Sources */ = {isa = PBXBuildFile; fileRef = 86CE72DC1DDA61FA006B35B1 /* VideoVC.swift */; };
		86CE72DF1DDA63BE006B35B1 /* PartyCell.swift in Sources */ = {isa = PBXBuildFile; fileRef = 86CE72DE1DDA63BE006B35B1 /* PartyCell.swift */; };
		86CE72E11DDA64C0006B35B1 /* PartyRock.swift in Sources */ = {isa = PBXBuildFile; fileRef = 86CE72E01DDA64C0006B35B1 /* PartyRock.swift */; };
/* End PBXBuildFile section */

/* Begin PBXContainerItemProxy section */
		869200A81DD92DE300011090 /* PBXContainerItemProxy */ = {
			isa = PBXContainerItemProxy;
			containerPortal = 8692008B1DD92DE300011090 /* Project object */;
			proxyType = 1;
			remoteGlobalIDString = 869200921DD92DE300011090;
			remoteInfo = PartyRockApp;
		};
		869200B31DD92DE300011090 /* PBXContainerItemProxy */ = {
			isa = PBXContainerItemProxy;
			containerPortal = 8692008B1DD92DE300011090 /* Project object */;
			proxyType = 1;
			remoteGlobalIDString = 869200921DD92DE300011090;
			remoteInfo = PartyRockApp;
		};
/* End PBXContainerItemProxy section */

/* Begin PBXFileReference section */
		869200931DD92DE300011090 /* PartyRockApp.app */ = {isa = PBXFileReference; explicitFileType = wrapper.application; includeInIndex = 0; path = PartyRockApp.app; sourceTree = BUILT_PRODUCTS_DIR; };
		869200961DD92DE300011090 /* AppDelegate.swift */ = {isa = PBXFileReference; lastKnownFileType = sourcecode.swift; path = AppDelegate.swift; sourceTree = "<group>"; };
		869200981DD92DE300011090 /* MainVC.swift */ = {isa = PBXFileReference; lastKnownFileType = sourcecode.swift; path = MainVC.swift; sourceTree = "<group>"; };
		8692009B1DD92DE300011090 /* Base */ = {isa = PBXFileReference; lastKnownFileType = file.storyboard; name = Base; path = Base.lproj/Main.storyboard; sourceTree = "<group>"; };
		8692009D1DD92DE300011090 /* Assets.xcassets */ = {isa = PBXFileReference; lastKnownFileType = folder.assetcatalog; path = Assets.xcassets; sourceTree = "<group>"; };
		869200A01DD92DE300011090 /* Base */ = {isa = PBXFileReference; lastKnownFileType = file.storyboard; name = Base; path = Base.lproj/LaunchScreen.storyboard; sourceTree = "<group>"; };
		869200A21DD92DE300011090 /* Info.plist */ = {isa = PBXFileReference; lastKnownFileType = text.plist.xml; path = Info.plist; sourceTree = "<group>"; };
		869200A71DD92DE300011090 /* PartyRockAppTests.xctest */ = {isa = PBXFileReference; explicitFileType = wrapper.cfbundle; includeInIndex = 0; path = PartyRockAppTests.xctest; sourceTree = BUILT_PRODUCTS_DIR; };
		869200AB1DD92DE300011090 /* PartyRockAppTests.swift */ = {isa = PBXFileReference; lastKnownFileType = sourcecode.swift; path = PartyRockAppTests.swift; sourceTree = "<group>"; };
		869200AD1DD92DE300011090 /* Info.plist */ = {isa = PBXFileReference; lastKnownFileType = text.plist.xml; path = Info.plist; sourceTree = "<group>"; };
		869200B21DD92DE300011090 /* PartyRockAppUITests.xctest */ = {isa = PBXFileReference; explicitFileType = wrapper.cfbundle; includeInIndex = 0; path = PartyRockAppUITests.xctest; sourceTree = BUILT_PRODUCTS_DIR; };
		869200B61DD92DE300011090 /* PartyRockAppUITests.swift */ = {isa = PBXFileReference; lastKnownFileType = sourcecode.swift; path = PartyRockAppUITests.swift; sourceTree = "<group>"; };
		869200B81DD92DE300011090 /* Info.plist */ = {isa = PBXFileReference; lastKnownFileType = text.plist.xml; path = Info.plist; sourceTree = "<group>"; };
		86CE72D71DDA60B2006B35B1 /* still time.ttf */ = {isa = PBXFileReference; lastKnownFileType = file; path = "still time.ttf"; sourceTree = "<group>"; };
		86CE72DC1DDA61FA006B35B1 /* VideoVC.swift */ = {isa = PBXFileReference; fileEncoding = 4; lastKnownFileType = sourcecode.swift; path = VideoVC.swift; sourceTree = "<group>"; };
		86CE72DE1DDA63BE006B35B1 /* PartyCell.swift */ = {isa = PBXFileReference; fileEncoding = 4; lastKnownFileType = sourcecode.swift; path = PartyCell.swift; sourceTree = "<group>"; };
		86CE72E01DDA64C0006B35B1 /* PartyRock.swift */ = {isa = PBXFileReference; fileEncoding = 4; lastKnownFileType = sourcecode.swift; path = PartyRock.swift; sourceTree = "<group>"; };
/* End PBXFileReference section */

/* Begin PBXFrameworksBuildPhase section */
		869200901DD92DE300011090 /* Frameworks */ = {
			isa = PBXFrameworksBuildPhase;
			buildActionMask = 2147483647;
			files = (
			);
			runOnlyForDeploymentPostprocessing = 0;
		};
		869200A41DD92DE300011090 /* Frameworks */ = {
			isa = PBXFrameworksBuildPhase;
			buildActionMask = 2147483647;
			files = (
			);
			runOnlyForDeploymentPostprocessing = 0;
		};
		869200AF1DD92DE300011090 /* Frameworks */ = {
			isa = PBXFrameworksBuildPhase;
			buildActionMask = 2147483647;
			files = (
			);
			runOnlyForDeploymentPostprocessing = 0;
		};
/* End PBXFrameworksBuildPhase section */

/* Begin PBXGroup section */
		8692008A1DD92DE300011090 = {
			isa = PBXGroup;
			children = (
				869200951DD92DE300011090 /* PartyRockApp */,
				869200AA1DD92DE300011090 /* PartyRockAppTests */,
				869200B51DD92DE300011090 /* PartyRockAppUITests */,
				869200941DD92DE300011090 /* Products */,
			);
			sourceTree = "<group>";
		};
		869200941DD92DE300011090 /* Products */ = {
			isa = PBXGroup;
			children = (
				869200931DD92DE300011090 /* PartyRockApp.app */,
				869200A71DD92DE300011090 /* PartyRockAppTests.xctest */,
				869200B21DD92DE300011090 /* PartyRockAppUITests.xctest */,
			);
			name = Products;
			sourceTree = "<group>";
		};
		869200951DD92DE300011090 /* PartyRockApp */ = {
			isa = PBXGroup;
			children = (
				86CE72D91DDA60B6006B35B1 /* Files */,
				869200C61DD92E4700011090 /* Model */,
				869200C51DD92E4200011090 /* View */,
				869200C41DD92E3900011090 /* Controller */,
				869200961DD92DE300011090 /* AppDelegate.swift */,
				8692009A1DD92DE300011090 /* Main.storyboard */,
				8692009F1DD92DE300011090 /* LaunchScreen.storyboard */,
				8692009D1DD92DE300011090 /* Assets.xcassets */,
				869200A21DD92DE300011090 /* Info.plist */,
			);
			path = PartyRockApp;
			sourceTree = "<group>";
		};
		869200AA1DD92DE300011090 /* PartyRockAppTests */ = {
			isa = PBXGroup;
			children = (
				869200AB1DD92DE300011090 /* PartyRockAppTests.swift */,
				869200AD1DD92DE300011090 /* Info.plist */,
			);
			path = PartyRockAppTests;
			sourceTree = "<group>";
		};
		869200B51DD92DE300011090 /* PartyRockAppUITests */ = {
			isa = PBXGroup;
			children = (
				869200B61DD92DE300011090 /* PartyRockAppUITests.swift */,
				869200B81DD92DE300011090 /* Info.plist */,
			);
			path = PartyRockAppUITests;
			sourceTree = "<group>";
		};
		869200C41DD92E3900011090 /* Controller */ = {
			isa = PBXGroup;
			children = (
				869200981DD92DE300011090 /* MainVC.swift */,
				86CE72DC1DDA61FA006B35B1 /* VideoVC.swift */,
			);
			name = Controller;
			sourceTree = "<group>";
		};
		869200C51DD92E4200011090 /* View */ = {
			isa = PBXGroup;
			children = (
				86CE72DE1DDA63BE006B35B1 /* PartyCell.swift */,
			);
			name = View;
			sourceTree = "<group>";
		};
		869200C61DD92E4700011090 /* Model */ = {
			isa = PBXGroup;
			children = (
				86CE72E01DDA64C0006B35B1 /* PartyRock.swift */,
			);
			name = Model;
			sourceTree = "<group>";
		};
		86CE72D91DDA60B6006B35B1 /* Files */ = {
			isa = PBXGroup;
			children = (
				86CE72D71DDA60B2006B35B1 /* still time.ttf */,
			);
			name = Files;
			sourceTree = "<group>";
		};
/* End PBXGroup section */

/* Begin PBXNativeTarget section */
		869200921DD92DE300011090 /* PartyRockApp */ = {
			isa = PBXNativeTarget;
			buildConfigurationList = 869200BB1DD92DE300011090 /* Build configuration list for PBXNativeTarget "PartyRockApp" */;
			buildPhases = (
				8692008F1DD92DE300011090 /* Sources */,
				869200901DD92DE300011090 /* Frameworks */,
				869200911DD92DE300011090 /* Resources */,
			);
			buildRules = (
			);
			dependencies = (
			);
			name = PartyRockApp;
			productName = PartyRockApp;
			productReference = 869200931DD92DE300011090 /* PartyRockApp.app */;
			productType = "com.apple.product-type.application";
		};
		869200A61DD92DE300011090 /* PartyRockAppTests */ = {
			isa = PBXNativeTarget;
			buildConfigurationList = 869200BE1DD92DE300011090 /* Build configuration list for PBXNativeTarget "PartyRockAppTests" */;
			buildPhases = (
				869200A31DD92DE300011090 /* Sources */,
				869200A41DD92DE300011090 /* Frameworks */,
				869200A51DD92DE300011090 /* Resources */,
			);
			buildRules = (
			);
			dependencies = (
				869200A91DD92DE300011090 /* PBXTargetDependency */,
			);
			name = PartyRockAppTests;
			productName = PartyRockAppTests;
			productReference = 869200A71DD92DE300011090 /* PartyRockAppTests.xctest */;
			productType = "com.apple.product-type.bundle.unit-test";
		};
		869200B11DD92DE300011090 /* PartyRockAppUITests */ = {
			isa = PBXNativeTarget;
			buildConfigurationList = 869200C11DD92DE300011090 /* Build configuration list for PBXNativeTarget "PartyRockAppUITests" */;
			buildPhases = (
				869200AE1DD92DE300011090 /* Sources */,
				869200AF1DD92DE300011090 /* Frameworks */,
				869200B01DD92DE300011090 /* Resources */,
			);
			buildRules = (
			);
			dependencies = (
				869200B41DD92DE300011090 /* PBXTargetDependency */,
			);
			name = PartyRockAppUITests;
			productName = PartyRockAppUITests;
			productReference = 869200B21DD92DE300011090 /* PartyRockAppUITests.xctest */;
			productType = "com.apple.product-type.bundle.ui-testing";
		};
/* End PBXNativeTarget section */

/* Begin PBXProject section */
		8692008B1DD92DE300011090 /* Project object */ = {
			isa = PBXProject;
			attributes = {
				LastSwiftUpdateCheck = 0810;
				LastUpgradeCheck = 0810;
				ORGANIZATIONNAME = Malibit;
				TargetAttributes = {
					869200921DD92DE300011090 = {
						CreatedOnToolsVersion = 8.1;
						ProvisioningStyle = Automatic;
					};
					869200A61DD92DE300011090 = {
						CreatedOnToolsVersion = 8.1;
						ProvisioningStyle = Automatic;
						TestTargetID = 869200921DD92DE300011090;
					};
					869200B11DD92DE300011090 = {
						CreatedOnToolsVersion = 8.1;
						ProvisioningStyle = Automatic;
						TestTargetID = 869200921DD92DE300011090;
					};
				};
			};
			buildConfigurationList = 8692008E1DD92DE300011090 /* Build configuration list for PBXProject "PartyRockApp" */;
			compatibilityVersion = "Xcode 3.2";
			developmentRegion = English;
			hasScannedForEncodings = 0;
			knownRegions = (
				en,
				Base,
			);
			mainGroup = 8692008A1DD92DE300011090;
			productRefGroup = 869200941DD92DE300011090 /* Products */;
			projectDirPath = "";
			projectRoot = "";
			targets = (
				869200921DD92DE300011090 /* PartyRockApp */,
				869200A61DD92DE300011090 /* PartyRockAppTests */,
				869200B11DD92DE300011090 /* PartyRockAppUITests */,
			);
		};
/* End PBXProject section */

/* Begin PBXResourcesBuildPhase section */
		869200911DD92DE300011090 /* Resources */ = {
			isa = PBXResourcesBuildPhase;
			buildActionMask = 2147483647;
			files = (
				869200A11DD92DE300011090 /* LaunchScreen.storyboard in Resources */,
				86CE72D81DDA60B2006B35B1 /* still time.ttf in Resources */,
				8692009E1DD92DE300011090 /* Assets.xcassets in Resources */,
				8692009C1DD92DE300011090 /* Main.storyboard in Resources */,
			);
			runOnlyForDeploymentPostprocessing = 0;
		};
		869200A51DD92DE300011090 /* Resources */ = {
			isa = PBXResourcesBuildPhase;
			buildActionMask = 2147483647;
			files = (
			);
			runOnlyForDeploymentPostprocessing = 0;
		};
		869200B01DD92DE300011090 /* Resources */ = {
			isa = PBXResourcesBuildPhase;
			buildActionMask = 2147483647;
			files = (
			);
			runOnlyForDeploymentPostprocessing = 0;
		};
/* End PBXResourcesBuildPhase section */

/* Begin PBXSourcesBuildPhase section */
		8692008F1DD92DE300011090 /* Sources */ = {
			isa = PBXSourcesBuildPhase;
			buildActionMask = 2147483647;
			files = (
				86CE72DD1DDA61FA006B35B1 /* VideoVC.swift in Sources */,
				869200991DD92DE300011090 /* MainVC.swift in Sources */,
				86CE72E11DDA64C0006B35B1 /* PartyRock.swift in Sources */,
				86CE72DF1DDA63BE006B35B1 /* PartyCell.swift in Sources */,
				869200971DD92DE300011090 /* AppDelegate.swift in Sources */,
			);
			runOnlyForDeploymentPostprocessing = 0;
		};
		869200A31DD92DE300011090 /* Sources */ = {
			isa = PBXSourcesBuildPhase;
			buildActionMask = 2147483647;
			files = (
				869200AC1DD92DE300011090 /* PartyRockAppTests.swift in Sources */,
			);
			runOnlyForDeploymentPostprocessing = 0;
		};
		869200AE1DD92DE300011090 /* Sources */ = {
			isa = PBXSourcesBuildPhase;
			buildActionMask = 2147483647;
			files = (
				869200B71DD92DE300011090 /* PartyRockAppUITests.swift in Sources */,
			);
			runOnlyForDeploymentPostprocessing = 0;
		};
/* End PBXSourcesBuildPhase section */

/* Begin PBXTargetDependency section */
		869200A91DD92DE300011090 /* PBXTargetDependency */ = {
			isa = PBXTargetDependency;
			target = 869200921DD92DE300011090 /* PartyRockApp */;
			targetProxy = 869200A81DD92DE300011090 /* PBXContainerItemProxy */;
		};
		869200B41DD92DE300011090 /* PBXTargetDependency */ = {
			isa = PBXTargetDependency;
			target = 869200921DD92DE300011090 /* PartyRockApp */;
			targetProxy = 869200B31DD92DE300011090 /* PBXContainerItemProxy */;
		};
/* End PBXTargetDependency section */

/* Begin PBXVariantGroup section */
		8692009A1DD92DE300011090 /* Main.storyboard */ = {
			isa = PBXVariantGroup;
			children = (
				8692009B1DD92DE300011090 /* Base */,
			);
			name = Main.storyboard;
			sourceTree = "<group>";
		};
		8692009F1DD92DE300011090 /* LaunchScreen.storyboard */ = {
			isa = PBXVariantGroup;
			children = (
				869200A01DD92DE300011090 /* Base */,
			);
			name = LaunchScreen.storyboard;
			sourceTree = "<group>";
		};
/* End PBXVariantGroup section */

/* Begin XCBuildConfiguration section */
		869200B91DD92DE300011090 /* Debug */ = {
			isa = XCBuildConfiguration;
			buildSettings = {
				ALWAYS_SEARCH_USER_PATHS = NO;
				CLANG_ANALYZER_NONNULL = YES;
				CLANG_CXX_LANGUAGE_STANDARD = "gnu++0x";
				CLANG_CXX_LIBRARY = "libc++";
				CLANG_ENABLE_MODULES = YES;
				CLANG_ENABLE_OBJC_ARC = YES;
				CLANG_WARN_BOOL_CONVERSION = YES;
				CLANG_WARN_CONSTANT_CONVERSION = YES;
				CLANG_WARN_DIRECT_OBJC_ISA_USAGE = YES_ERROR;
				CLANG_WARN_DOCUMENTATION_COMMENTS = YES;
				CLANG_WARN_EMPTY_BODY = YES;
				CLANG_WARN_ENUM_CONVERSION = YES;
				CLANG_WARN_INFINITE_RECURSION = YES;
				CLANG_WARN_INT_CONVERSION = YES;
				CLANG_WARN_OBJC_ROOT_CLASS = YES_ERROR;
				CLANG_WARN_SUSPICIOUS_MOVES = YES;
				CLANG_WARN_UNREACHABLE_CODE = YES;
				CLANG_WARN__DUPLICATE_METHOD_MATCH = YES;
				"CODE_SIGN_IDENTITY[sdk=iphoneos*]" = "iPhone Developer";
				COPY_PHASE_STRIP = NO;
				DEBUG_INFORMATION_FORMAT = dwarf;
				ENABLE_STRICT_OBJC_MSGSEND = YES;
				ENABLE_TESTABILITY = YES;
				GCC_C_LANGUAGE_STANDARD = gnu99;
				GCC_DYNAMIC_NO_PIC = NO;
				GCC_NO_COMMON_BLOCKS = YES;
				GCC_OPTIMIZATION_LEVEL = 0;
				GCC_PREPROCESSOR_DEFINITIONS = (
					"DEBUG=1",
					"$(inherited)",
				);
				GCC_WARN_64_TO_32_BIT_CONVERSION = YES;
				GCC_WARN_ABOUT_RETURN_TYPE = YES_ERROR;
				GCC_WARN_UNDECLARED_SELECTOR = YES;
				GCC_WARN_UNINITIALIZED_AUTOS = YES_AGGRESSIVE;
				GCC_WARN_UNUSED_FUNCTION = YES;
				GCC_WARN_UNUSED_VARIABLE = YES;
				IPHONEOS_DEPLOYMENT_TARGET = 10.1;
				MTL_ENABLE_DEBUG_INFO = YES;
				ONLY_ACTIVE_ARCH = YES;
				SDKROOT = iphoneos;
				SWIFT_ACTIVE_COMPILATION_CONDITIONS = DEBUG;
				SWIFT_OPTIMIZATION_LEVEL = "-Onone";
				TARGETED_DEVICE_FAMILY = "1,2";
			};
			name = Debug;
		};
		869200BA1DD92DE300011090 /* Release */ = {
			isa = XCBuildConfiguration;
			buildSettings = {
				ALWAYS_SEARCH_USER_PATHS = NO;
				CLANG_ANALYZER_NONNULL = YES;
				CLANG_CXX_LANGUAGE_STANDARD = "gnu++0x";
				CLANG_CXX_LIBRARY = "libc++";
				CLANG_ENABLE_MODULES = YES;
				CLANG_ENABLE_OBJC_ARC = YES;
				CLANG_WARN_BOOL_CONVERSION = YES;
				CLANG_WARN_CONSTANT_CONVERSION = YES;
				CLANG_WARN_DIRECT_OBJC_ISA_USAGE = YES_ERROR;
				CLANG_WARN_DOCUMENTATION_COMMENTS = YES;
				CLANG_WARN_EMPTY_BODY = YES;
				CLANG_WARN_ENUM_CONVERSION = YES;
				CLANG_WARN_INFINITE_RECURSION = YES;
				CLANG_WARN_INT_CONVERSION = YES;
				CLANG_WARN_OBJC_ROOT_CLASS = YES_ERROR;
				CLANG_WARN_SUSPICIOUS_MOVES = YES;
				CLANG_WARN_UNREACHABLE_CODE = YES;
				CLANG_WARN__DUPLICATE_METHOD_MATCH = YES;
				"CODE_SIGN_IDENTITY[sdk=iphoneos*]" = "iPhone Developer";
				COPY_PHASE_STRIP = NO;
				DEBUG_INFORMATION_FORMAT = "dwarf-with-dsym";
				ENABLE_NS_ASSERTIONS = NO;
				ENABLE_STRICT_OBJC_MSGSEND = YES;
				GCC_C_LANGUAGE_STANDARD = gnu99;
				GCC_NO_COMMON_BLOCKS = YES;
				GCC_WARN_64_TO_32_BIT_CONVERSION = YES;
				GCC_WARN_ABOUT_RETURN_TYPE = YES_ERROR;
				GCC_WARN_UNDECLARED_SELECTOR = YES;
				GCC_WARN_UNINITIALIZED_AUTOS = YES_AGGRESSIVE;
				GCC_WARN_UNUSED_FUNCTION = YES;
				GCC_WARN_UNUSED_VARIABLE = YES;
				IPHONEOS_DEPLOYMENT_TARGET = 10.1;
				MTL_ENABLE_DEBUG_INFO = NO;
				SDKROOT = iphoneos;
				SWIFT_OPTIMIZATION_LEVEL = "-Owholemodule";
				TARGETED_DEVICE_FAMILY = "1,2";
				VALIDATE_PRODUCT = YES;
			};
			name = Release;
		};
		869200BC1DD92DE300011090 /* Debug */ = {
			isa = XCBuildConfiguration;
			buildSettings = {
				ASSETCATALOG_COMPILER_APPICON_NAME = AppIcon;
				INFOPLIST_FILE = PartyRockApp/Info.plist;
				LD_RUNPATH_SEARCH_PATHS = "$(inherited) @executable_path/Frameworks";
				PRODUCT_BUNDLE_IDENTIFIER = com.malibit.PartyRockApp;
				PRODUCT_NAME = "$(TARGET_NAME)";
				SWIFT_VERSION = 3.0;
			};
			name = Debug;
		};
		869200BD1DD92DE300011090 /* Release */ = {
			isa = XCBuildConfiguration;
			buildSettings = {
				ASSETCATALOG_COMPILER_APPICON_NAME = AppIcon;
				INFOPLIST_FILE = PartyRockApp/Info.plist;
				LD_RUNPATH_SEARCH_PATHS = "$(inherited) @executable_path/Frameworks";
				PRODUCT_BUNDLE_IDENTIFIER = com.malibit.PartyRockApp;
				PRODUCT_NAME = "$(TARGET_NAME)";
				SWIFT_VERSION = 3.0;
			};
			name = Release;
		};
		869200BF1DD92DE300011090 /* Debug */ = {
			isa = XCBuildConfiguration;
			buildSettings = {
				ALWAYS_EMBED_SWIFT_STANDARD_LIBRARIES = YES;
				BUNDLE_LOADER = "$(TEST_HOST)";
				INFOPLIST_FILE = PartyRockAppTests/Info.plist;
				LD_RUNPATH_SEARCH_PATHS = "$(inherited) @executable_path/Frameworks @loader_path/Frameworks";
				PRODUCT_BUNDLE_IDENTIFIER = com.malibit.PartyRockAppTests;
				PRODUCT_NAME = "$(TARGET_NAME)";
				SWIFT_VERSION = 3.0;
				TEST_HOST = "$(BUILT_PRODUCTS_DIR)/PartyRockApp.app/PartyRockApp";
			};
			name = Debug;
		};
		869200C01DD92DE300011090 /* Release */ = {
			isa = XCBuildConfiguration;
			buildSettings = {
				ALWAYS_EMBED_SWIFT_STANDARD_LIBRARIES = YES;
				BUNDLE_LOADER = "$(TEST_HOST)";
				INFOPLIST_FILE = PartyRockAppTests/Info.plist;
				LD_RUNPATH_SEARCH_PATHS = "$(inherited) @executable_path/Frameworks @loader_path/Frameworks";
				PRODUCT_BUNDLE_IDENTIFIER = com.malibit.PartyRockAppTests;
				PRODUCT_NAME = "$(TARGET_NAME)";
				SWIFT_VERSION = 3.0;
				TEST_HOST = "$(BUILT_PRODUCTS_DIR)/PartyRockApp.app/PartyRockApp";
			};
			name = Release;
		};
		869200C21DD92DE300011090 /* Debug */ = {
			isa = XCBuildConfiguration;
			buildSettings = {
				ALWAYS_EMBED_SWIFT_STANDARD_LIBRARIES = YES;
				INFOPLIST_FILE = PartyRockAppUITests/Info.plist;
				LD_RUNPATH_SEARCH_PATHS = "$(inherited) @executable_path/Frameworks @loader_path/Frameworks";
				PRODUCT_BUNDLE_IDENTIFIER = com.malibit.PartyRockAppUITests;
				PRODUCT_NAME = "$(TARGET_NAME)";
				SWIFT_VERSION = 3.0;
				TEST_TARGET_NAME = PartyRockApp;
			};
			name = Debug;
		};
		869200C31DD92DE300011090 /* Release */ = {
			isa = XCBuildConfiguration;
			buildSettings = {
				ALWAYS_EMBED_SWIFT_STANDARD_LIBRARIES = YES;
				INFOPLIST_FILE = PartyRockAppUITests/Info.plist;
				LD_RUNPATH_SEARCH_PATHS = "$(inherited) @executable_path/Frameworks @loader_path/Frameworks";
				PRODUCT_BUNDLE_IDENTIFIER = com.malibit.PartyRockAppUITests;
				PRODUCT_NAME = "$(TARGET_NAME)";
				SWIFT_VERSION = 3.0;
				TEST_TARGET_NAME = PartyRockApp;
			};
			name = Release;
		};
/* End XCBuildConfiguration section */

/* Begin XCConfigurationList section */
		8692008E1DD92DE300011090 /* Build configuration list for PBXProject "PartyRockApp" */ = {
			isa = XCConfigurationList;
			buildConfigurations = (
				869200B91DD92DE300011090 /* Debug */,
				869200BA1DD92DE300011090 /* Release */,
			);
			defaultConfigurationIsVisible = 0;
			defaultConfigurationName = Release;
		};
		869200BB1DD92DE300011090 /* Build configuration list for PBXNativeTarget "PartyRockApp" */ = {
			isa = XCConfigurationList;
			buildConfigurations = (
				869200BC1DD92DE300011090 /* Debug */,
				869200BD1DD92DE300011090 /* Release */,
			);
			defaultConfigurationIsVisible = 0;
			defaultConfigurationName = Release;
		};
		869200BE1DD92DE300011090 /* Build configuration list for PBXNativeTarget "PartyRockAppTests" */ = {
			isa = XCConfigurationList;
			buildConfigurations = (
				869200BF1DD92DE300011090 /* Debug */,
				869200C01DD92DE300011090 /* Release */,
			);
			defaultConfigurationIsVisible = 0;
			defaultConfigurationName = Release;
		};
		869200C11DD92DE300011090 /* Build configuration list for PBXNativeTarget "PartyRockAppUITests" */ = {
			isa = XCConfigurationList;
			buildConfigurations = (
				869200C21DD92DE300011090 /* Debug */,
				869200C31DD92DE300011090 /* Release */,
			);
			defaultConfigurationIsVisible = 0;
			defaultConfigurationName = Release;
		};
/* End XCConfigurationList section */
	};
	rootObject = 8692008B1DD92DE300011090 /* Project object */;
}
